
Microsoft Visual Studio Solution File, Format Version 12.00
# Visual Studio Version 16
VisualStudioVersion = 16.0.31702.278
MinimumVisualStudioVersion = 10.0.40219.1
Project("{2150E333-8FDC-42A3-9474-1A3956D46DE8}") = "src", "src", "{DD3732DD-2D6F-4C0D-A137-9DB3DEDA9BC9}"
EndProject
Project("{2150E333-8FDC-42A3-9474-1A3956D46DE8}") = "Web", "Web", "{AC4923FC-0BF0-4BCD-86BE-01A65562C662}"
EndProject
Project("{9A19103F-16F7-4668-BE54-9A1E7A4F7556}") = "CMS.Domain", "src\Web\CMS.Domain\CMS.Domain.csproj", "{8A781DD5-285F-4756-AFFD-F557B4408269}"
EndProject
Project("{9A19103F-16F7-4668-BE54-9A1E7A4F7556}") = "CMS.Infrastructure", "src\Web\CMS.Infrastructure\CMS.Infrastructure.csproj", "{17D002E3-EA0C-4995-994C-F92708072C82}"
EndProject
Project("{9A19103F-16F7-4668-BE54-9A1E7A4F7556}") = "CMS.Application", "src\Web\CMS.Application\CMS.Application.csproj", "{0E0882F9-6464-4696-A1DE-14F2931FA26B}"
EndProject
Project("{9A19103F-16F7-4668-BE54-9A1E7A4F7556}") = "CMS.Prensentation", "src\Web\CMS.Prensentation\CMS.Prensentation.csproj", "{097F7634-B354-4909-98D0-A5C8B47328C5}"
EndProject
Project("{2150E333-8FDC-42A3-9474-1A3956D46DE8}") = "API", "API", "{E1EE2A71-49B3-4413-AA90-7174B5E16504}"
EndProject
Project("{9A19103F-16F7-4668-BE54-9A1E7A4F7556}") = "CMS.API", "src\API\CMS.API\CMS.API.csproj", "{EFE6A09B-15D7-4319-A584-AF6AA7873E07}"
EndProject
Global
	GlobalSection(SolutionConfigurationPlatforms) = preSolution
		Debug|Any CPU = Debug|Any CPU
		Release|Any CPU = Release|Any CPU
	EndGlobalSection
	GlobalSection(ProjectConfigurationPlatforms) = postSolution
		{8A781DD5-285F-4756-AFFD-F557B4408269}.Debug|Any CPU.ActiveCfg = Debug|Any CPU
		{8A781DD5-285F-4756-AFFD-F557B4408269}.Debug|Any CPU.Build.0 = Debug|Any CPU
		{8A781DD5-285F-4756-AFFD-F557B4408269}.Release|Any CPU.ActiveCfg = Release|Any CPU
		{8A781DD5-285F-4756-AFFD-F557B4408269}.Release|Any CPU.Build.0 = Release|Any CPU
		{17D002E3-EA0C-4995-994C-F92708072C82}.Debug|Any CPU.ActiveCfg = Debug|Any CPU
		{17D002E3-EA0C-4995-994C-F92708072C82}.Debug|Any CPU.Build.0 = Debug|Any CPU
		{17D002E3-EA0C-4995-994C-F92708072C82}.Release|Any CPU.ActiveCfg = Release|Any CPU
		{17D002E3-EA0C-4995-994C-F92708072C82}.Release|Any CPU.Build.0 = Release|Any CPU
		{0E0882F9-6464-4696-A1DE-14F2931FA26B}.Debug|Any CPU.ActiveCfg = Debug|Any CPU
		{0E0882F9-6464-4696-A1DE-14F2931FA26B}.Debug|Any CPU.Build.0 = Debug|Any CPU
		{0E0882F9-6464-4696-A1DE-14F2931FA26B}.Release|Any CPU.ActiveCfg = Release|Any CPU
		{0E0882F9-6464-4696-A1DE-14F2931FA26B}.Release|Any CPU.Build.0 = Release|Any CPU
		{097F7634-B354-4909-98D0-A5C8B47328C5}.Debug|Any CPU.ActiveCfg = Debug|Any CPU
		{097F7634-B354-4909-98D0-A5C8B47328C5}.Debug|Any CPU.Build.0 = Debug|Any CPU
		{097F7634-B354-4909-98D0-A5C8B47328C5}.Release|Any CPU.ActiveCfg = Release|Any CPU
		{097F7634-B354-4909-98D0-A5C8B47328C5}.Release|Any CPU.Build.0 = Release|Any CPU
		{EFE6A09B-15D7-4319-A584-AF6AA7873E07}.Debug|Any CPU.ActiveCfg = Debug|Any CPU
		{EFE6A09B-15D7-4319-A584-AF6AA7873E07}.Debug|Any CPU.Build.0 = Debug|Any CPU
		{EFE6A09B-15D7-4319-A584-AF6AA7873E07}.Release|Any CPU.ActiveCfg = Release|Any CPU
		{EFE6A09B-15D7-4319-A584-AF6AA7873E07}.Release|Any CPU.Build.0 = Release|Any CPU
	EndGlobalSection
	GlobalSection(SolutionProperties) = preSolution
		HideSolutionNode = FALSE
	EndGlobalSection
	GlobalSection(NestedProjects) = preSolution
		{AC4923FC-0BF0-4BCD-86BE-01A65562C662} = {DD3732DD-2D6F-4C0D-A137-9DB3DEDA9BC9}
		{8A781DD5-285F-4756-AFFD-F557B4408269} = {AC4923FC-0BF0-4BCD-86BE-01A65562C662}
		{17D002E3-EA0C-4995-994C-F92708072C82} = {AC4923FC-0BF0-4BCD-86BE-01A65562C662}
		{0E0882F9-6464-4696-A1DE-14F2931FA26B} = {AC4923FC-0BF0-4BCD-86BE-01A65562C662}
		{097F7634-B354-4909-98D0-A5C8B47328C5} = {AC4923FC-0BF0-4BCD-86BE-01A65562C662}
		{E1EE2A71-49B3-4413-AA90-7174B5E16504} = {DD3732DD-2D6F-4C0D-A137-9DB3DEDA9BC9}
		{EFE6A09B-15D7-4319-A584-AF6AA7873E07} = {E1EE2A71-49B3-4413-AA90-7174B5E16504}
	EndGlobalSection
	GlobalSection(ExtensibilityGlobals) = postSolution
		SolutionGuid = {CA195274-EDD7-40CF-AC8C-EE1EB368EDEE}
	EndGlobalSection
EndGlobal
